
Microsoft Visual Studio Solution File, Format Version 12.00
# Visual Studio Version 17
VisualStudioVersion = 17.2.32616.157
MinimumVisualStudioVersion = 10.0.40219.1
Project("{FAE04EC0-301F-11D3-BF4B-00C04F79EFBC}") = "Biblioteca", "Biblioteca.csproj", "{D0044D6C-A3FD-4643-9BAA-F417B031E2C3}"
EndProject
Global
	GlobalSection(SolutionConfigurationPlatforms) = preSolution
		Debug|Any CPU = Debug|Any CPU
		Release|Any CPU = Release|Any CPU
	EndGlobalSection
	GlobalSection(ProjectConfigurationPlatforms) = postSolution
		{D0044D6C-A3FD-4643-9BAA-F417B031E2C3}.Debug|Any CPU.ActiveCfg = Debug|Any CPU
		{D0044D6C-A3FD-4643-9BAA-F417B031E2C3}.Debug|Any CPU.Build.0 = Debug|Any CPU
		{D0044D6C-A3FD-4643-9BAA-F417B031E2C3}.Release|Any CPU.ActiveCfg = Release|Any CPU
		{D0044D6C-A3FD-4643-9BAA-F417B031E2C3}.Release|Any CPU.Build.0 = Release|Any CPU
	EndGlobalSection
	GlobalSection(SolutionProperties) = preSolution
		HideSolutionNode = FALSE
	EndGlobalSection
	GlobalSection(ExtensibilityGlobals) = postSolution
		SolutionGuid = {978FF4D9-C3FC-4E8C-9D9C-DAA48A60C61E}
	EndGlobalSection
EndGlobal
